
Microsoft Visual Studio Solution File, Format Version 11.00
# Visual Studio 2010
Project("{FAE04EC0-301F-11D3-BF4B-00C04F79EFBC}") = "WebUITryPlay", "WebUITryPlay\WebUITryPlay.csproj", "{C71B54A8-274D-4A3E-B0F7-3E5167AC2634}"
EndProject
Global
	GlobalSection(SolutionConfigurationPlatforms) = preSolution
		Debug|Any CPU = Debug|Any CPU
		Release|Any CPU = Release|Any CPU
	EndGlobalSection
	GlobalSection(ProjectConfigurationPlatforms) = postSolution
		{C71B54A8-274D-4A3E-B0F7-3E5167AC2634}.Debug|Any CPU.ActiveCfg = Debug|Any CPU
		{C71B54A8-274D-4A3E-B0F7-3E5167AC2634}.Debug|Any CPU.Build.0 = Debug|Any CPU
		{C71B54A8-274D-4A3E-B0F7-3E5167AC2634}.Release|Any CPU.ActiveCfg = Release|Any CPU
		{C71B54A8-274D-4A3E-B0F7-3E5167AC2634}.Release|Any CPU.Build.0 = Release|Any CPU
	EndGlobalSection
	GlobalSection(SolutionProperties) = preSolution
		HideSolutionNode = FALSE
	EndGlobalSection
EndGlobal
